
Microsoft Visual Studio Solution File, Format Version 12.00
# Visual Studio Version 17
VisualStudioVersion = 17.9.34526.213
MinimumVisualStudioVersion = 10.0.40219.1
Project("{FAE04EC0-301F-11D3-BF4B-00C04F79EFBC}") = "BlazorSignalRApp", "BlazorSignalRApp\BlazorSignalRApp\BlazorSignalRApp.csproj", "{DF3D4953-CEA4-40CD-B72C-685667FDD705}"
EndProject
Project("{FAE04EC0-301F-11D3-BF4B-00C04F79EFBC}") = "BlazorSignalRApp.Client", "BlazorSignalRApp\BlazorSignalRApp.Client\BlazorSignalRApp.Client.csproj", "{F30F73D7-2104-4DD2-B7FA-AE6BF2E3E971}"
EndProject
Global
	GlobalSection(SolutionConfigurationPlatforms) = preSolution
		Debug|Any CPU = Debug|Any CPU
		Release|Any CPU = Release|Any CPU
	EndGlobalSection
	GlobalSection(ProjectConfigurationPlatforms) = postSolution
		{DF3D4953-CEA4-40CD-B72C-685667FDD705}.Debug|Any CPU.ActiveCfg = Debug|Any CPU
		{DF3D4953-CEA4-40CD-B72C-685667FDD705}.Debug|Any CPU.Build.0 = Debug|Any CPU
		{DF3D4953-CEA4-40CD-B72C-685667FDD705}.Release|Any CPU.ActiveCfg = Release|Any CPU
		{DF3D4953-CEA4-40CD-B72C-685667FDD705}.Release|Any CPU.Build.0 = Release|Any CPU
		{F30F73D7-2104-4DD2-B7FA-AE6BF2E3E971}.Debug|Any CPU.ActiveCfg = Debug|Any CPU
		{F30F73D7-2104-4DD2-B7FA-AE6BF2E3E971}.Debug|Any CPU.Build.0 = Debug|Any CPU
		{F30F73D7-2104-4DD2-B7FA-AE6BF2E3E971}.Release|Any CPU.ActiveCfg = Release|Any CPU
		{F30F73D7-2104-4DD2-B7FA-AE6BF2E3E971}.Release|Any CPU.Build.0 = Release|Any CPU
	EndGlobalSection
	GlobalSection(SolutionProperties) = preSolution
		HideSolutionNode = FALSE
	EndGlobalSection
	GlobalSection(ExtensibilityGlobals) = postSolution
		SolutionGuid = {D0801F9F-4EF0-40CA-9158-768B3C027132}
	EndGlobalSection
EndGlobal
